
Microsoft Visual Studio Solution File, Format Version 12.00
# Visual Studio Version 17
VisualStudioVersion = 17.14.36221.1
MinimumVisualStudioVersion = 10.0.40219.1
Project("{FAE04EC0-301F-11D3-BF4B-00C04F79EFBC}") = "OutWit.Common", "OutWit.Common\OutWit.Common.csproj", "{43AB074F-382F-2524-7DB3-3DF27B39F697}"
EndProject
Project("{FAE04EC0-301F-11D3-BF4B-00C04F79EFBC}") = "OutWit.Common.Tests", "OutWit.Common.Tests\OutWit.Common.Tests.csproj", "{383E0624-716D-AF17-0C3F-EA76CE2BA90C}"
EndProject
Project("{FAE04EC0-301F-11D3-BF4B-00C04F79EFBC}") = "OutWit.Common.Aspects", "OutWit.Common.Aspects\OutWit.Common.Aspects.csproj", "{A00E2221-AF9D-5BF4-B01E-41CDB8D7E954}"
EndProject
Project("{FAE04EC0-301F-11D3-BF4B-00C04F79EFBC}") = "OutWit.Common.Aspects.Tests", "OutWit.Common.Aspects.Tests\OutWit.Common.Aspects.Tests.csproj", "{32012BAE-A26E-B49E-821F-05448F00FC61}"
EndProject
Project("{FAE04EC0-301F-11D3-BF4B-00C04F79EFBC}") = "OutWit.Common.MVVM", "OutWit.Common.MVVM\OutWit.Common.MVVM.csproj", "{7C6A2AE9-39FC-5702-1A2B-2AE55241FE75}"
EndProject
Project("{FAE04EC0-301F-11D3-BF4B-00C04F79EFBC}") = "OutWit.Common.Logging", "OutWit.Common.Logging\OutWit.Common.Logging.csproj", "{5ABD4C1A-011F-D999-66E4-5D7CE5A0BD77}"
EndProject
Project("{FAE04EC0-301F-11D3-BF4B-00C04F79EFBC}") = "OutWit.Common.CommandLine", "OutWit.Common.CommandLine\OutWit.Common.CommandLine.csproj", "{683E3652-B514-AAA4-0034-DA339EAF09D2}"
EndProject
Project("{FAE04EC0-301F-11D3-BF4B-00C04F79EFBC}") = "OutWit.Common.Json", "OutWit.Common.Json\OutWit.Common.Json.csproj", "{E33412C7-E738-1C5E-3668-52B932A41767}"
EndProject
Project("{FAE04EC0-301F-11D3-BF4B-00C04F79EFBC}") = "OutWit.Common.Json.Tests", "OutWit.Common.Json.Tests\OutWit.Common.Json.Tests.csproj", "{FE92F133-E68B-C7BE-3859-4C7F159C601C}"
EndProject
Project("{FAE04EC0-301F-11D3-BF4B-00C04F79EFBC}") = "OutWit.Common.MemoryPack", "OutWit.Common.MemoryPack\OutWit.Common.MemoryPack.csproj", "{F59C39E3-26EE-4E74-FB99-C558F3EF5F35}"
EndProject
Project("{FAE04EC0-301F-11D3-BF4B-00C04F79EFBC}") = "OutWit.Common.MemoryPack.Tests", "OutWit.Common.MemoryPack.Tests\OutWit.Common.MemoryPack.Tests.csproj", "{6631A99F-7061-6A5B-8B5E-E71A240D9066}"
EndProject
Project("{FAE04EC0-301F-11D3-BF4B-00C04F79EFBC}") = "OutWit.Common.MessagePack", "OutWit.Common.MessagePack\OutWit.Common.MessagePack.csproj", "{676D0117-8BFC-E417-0F66-DA6F45AD0269}"
EndProject
Project("{FAE04EC0-301F-11D3-BF4B-00C04F79EFBC}") = "OutWit.Common.MessagePack.Tests", "OutWit.Common.MessagePack.Tests\OutWit.Common.MessagePack.Tests.csproj", "{84EAB9D9-B6E4-5F61-CDB0-07FD8CE11983}"
EndProject
Project("{2150E333-8FDC-42A3-9474-1A3956D46DE8}") = "Common", "Common", "{02EA681E-C7D8-13C7-8484-4AC65E1B71E8}"
EndProject
Project("{2150E333-8FDC-42A3-9474-1A3956D46DE8}") = "Serialization", "Serialization", "{7F3F6ACD-C399-4D6E-8842-D94C74E49928}"
EndProject
Project("{2150E333-8FDC-42A3-9474-1A3956D46DE8}") = "Json", "Json", "{AA2966D0-EBAF-4D83-B67B-32A2424DD416}"
EndProject
Project("{2150E333-8FDC-42A3-9474-1A3956D46DE8}") = "MemoryPack", "MemoryPack", "{514AF54A-4075-46F3-A2A9-CE61CD9DA9AF}"
EndProject
Project("{2150E333-8FDC-42A3-9474-1A3956D46DE8}") = "MessagePack", "MessagePack", "{BD7E72EE-EB9C-4CF0-BF17-16934C32B03E}"
EndProject
Project("{2150E333-8FDC-42A3-9474-1A3956D46DE8}") = "ProtoBuf", "ProtoBuf", "{9B0DF0AA-88F4-43E1-8677-0C30A4383155}"
EndProject
Project("{2150E333-8FDC-42A3-9474-1A3956D46DE8}") = "Aspects", "Aspects", "{98BE6B52-F22E-45F5-AE77-0B1A7D9B4547}"
EndProject
Project("{FAE04EC0-301F-11D3-BF4B-00C04F79EFBC}") = "OutWit.Common.ProtoBuf", "OutWit.Common.ProtoBuf\OutWit.Common.ProtoBuf.csproj", "{9FE990EF-9BCE-134D-B547-0CF5DC6A40FC}"
EndProject
Project("{FAE04EC0-301F-11D3-BF4B-00C04F79EFBC}") = "OutWit.Common.ProtoBuf.Tests", "OutWit.Common.ProtoBuf.Tests\OutWit.Common.ProtoBuf.Tests.csproj", "{52CAA943-68DA-7DEA-8920-94A01C262D07}"
EndProject
Project("{FAE04EC0-301F-11D3-BF4B-00C04F79EFBC}") = "OutWit.Common.MEF", "OutWit.Common.MEF\OutWit.Common.MEF.csproj", "{18861A4B-BC01-5769-211C-69995A60B9A7}"
EndProject
Project("{FAE04EC0-301F-11D3-BF4B-00C04F79EFBC}") = "OutWit.Common.Prism", "OutWit.Common.Prism\OutWit.Common.Prism.csproj", "{1816E66F-C85B-3F8C-2302-0645C9C5323F}"
EndProject
Project("{2150E333-8FDC-42A3-9474-1A3956D46DE8}") = "Modularity", "Modularity", "{A665003C-0564-4DFE-9789-76FC0CBAB146}"
EndProject
Project("{FAE04EC0-301F-11D3-BF4B-00C04F79EFBC}") = "OutWit.Common.Proxy", "OutWit.Common.Proxy\OutWit.Common.Proxy.csproj", "{D01026FD-70AC-19DF-1399-8EC4A58A156B}"
EndProject
Project("{FAE04EC0-301F-11D3-BF4B-00C04F79EFBC}") = "OutWit.Common.Proxy.Generator", "OutWit.Common.Proxy.Generator\OutWit.Common.Proxy.Generator.csproj", "{773663E1-C087-5CC6-00D7-01A2CCB31B4E}"
EndProject
Project("{2150E333-8FDC-42A3-9474-1A3956D46DE8}") = "Proxy", "Proxy", "{0197C2C6-6CD4-448B-B928-5C8061D06F60}"
EndProject
Project("{FAE04EC0-301F-11D3-BF4B-00C04F79EFBC}") = "OutWit.Common.Services", "OutWit.Common.Services\OutWit.Common.Services.csproj", "{2913C2E8-D250-DD97-CCDA-223ECD2D658F}"
EndProject
Project("{FAE04EC0-301F-11D3-BF4B-00C04F79EFBC}") = "OutWit.Common.Settings", "OutWit.Common.Settings\OutWit.Common.Settings.csproj", "{F3DA93A4-0EEA-50DD-A7F3-FE293F9E8660}"
EndProject
Project("{FAE04EC0-301F-11D3-BF4B-00C04F79EFBC}") = "OutWit.Common.Settings.Tests", "OutWit.Common.Settings.Tests\OutWit.Common.Settings.Tests.csproj", "{3772ACE8-7F9C-0EA9-FF50-22427F87C5DC}"
EndProject
Project("{FAE04EC0-301F-11D3-BF4B-00C04F79EFBC}") = "OutWit.Common.Controls", "OutWit.Common.Controls\OutWit.Common.Controls.csproj", "{04A53B72-5D5E-5F6A-F74A-987E15E74D84}"
EndProject
Project("{FAE04EC0-301F-11D3-BF4B-00C04F79EFBC}") = "OutWit.Common.Controls.HighlightTextBox", "OutWit.Common.Controls.HighlightTextBox\OutWit.Common.Controls.HighlightTextBox.csproj", "{6CCE0284-CB69-BE83-96E2-EF7572B955F7}"
EndProject
Project("{FAE04EC0-301F-11D3-BF4B-00C04F79EFBC}") = "OutWit.Common.Reflection", "OutWit.Common.Reflection\OutWit.Common.Reflection.csproj", "{59F04FC3-0EBA-BD73-6922-53B6EADD6CDA}"
EndProject
Project("{FAE04EC0-301F-11D3-BF4B-00C04F79EFBC}") = "OutWit.Common.Rest", "OutWit.Common.Rest\OutWit.Common.Rest.csproj", "{31B8D169-B2C9-3C91-3964-741FE473C9BA}"
EndProject
Project("{FAE04EC0-301F-11D3-BF4B-00C04F79EFBC}") = "OutWit.Common.Rest.Tests", "OutWit.Common.Rest.Tests\OutWit.Common.Rest.Tests.csproj", "{C59A6ACE-CB64-827D-BB4D-520A96860598}"
EndProject
Project("{2150E333-8FDC-42A3-9474-1A3956D46DE8}") = "Rest", "Rest", "{05CEBCA7-2D42-4126-A88B-74B63ABA9C7F}"
EndProject
Project("{2150E333-8FDC-42A3-9474-1A3956D46DE8}") = "Settings", "Settings", "{C898F348-134B-41D6-82AF-CE83104F2708}"
EndProject
Project("{FAE04EC0-301F-11D3-BF4B-00C04F79EFBC}") = "OutWit.Common.Settings.Controls", "OutWit.Common.Settings.Controls\OutWit.Common.Settings.Controls.csproj", "{3B37CCA2-E4B1-881F-53A8-9ED594E1CAE5}"
EndProject
Project("{2150E333-8FDC-42A3-9474-1A3956D46DE8}") = "Controls", "Controls", "{F3F2CA75-F932-4EA7-8EAA-B5491EF3C0CA}"
EndProject
Project("{2150E333-8FDC-42A3-9474-1A3956D46DE8}") = "MVVM", "MVVM", "{08C8D958-EBB7-4BF6-B525-A5E901EBB000}"
EndProject
Project("{2150E333-8FDC-42A3-9474-1A3956D46DE8}") = "CommanLine", "CommanLine", "{E14FDDC6-06D3-4D55-9499-31516FA736E9}"
EndProject
Project("{2150E333-8FDC-42A3-9474-1A3956D46DE8}") = "Logging", "Logging", "{8519EC0E-8781-45D6-931C-3505FC9663F5}"
EndProject
Project("{2150E333-8FDC-42A3-9474-1A3956D46DE8}") = "Reflection", "Reflection", "{5910B605-D093-442F-AD22-1BA4E668FADA}"
EndProject
Project("{2150E333-8FDC-42A3-9474-1A3956D46DE8}") = "@Build", "@Build", "{DD8EE113-2AD9-41F7-B556-768F0A47381B}"
	ProjectSection(SolutionItems) = preProject
		.github\workflows\build-and-test.yml = .github\workflows\build-and-test.yml
		Directory.Build.props = Directory.Build.props
		README.md = README.md
	EndProjectSection
EndProject
Project("{FAE04EC0-301F-11D3-BF4B-00C04F79EFBC}") = "OutWit.Common.CommandLine.Tests", "OutWit.Common.CommandLine.Tests\OutWit.Common.CommandLine.Tests.csproj", "{61A8DFFA-912B-48AB-8E03-C5392486371D}"
EndProject
Project("{FAE04EC0-301F-11D3-BF4B-00C04F79EFBC}") = "OutWit.Common.Logging.Tests", "OutWit.Common.Logging.Tests\OutWit.Common.Logging.Tests.csproj", "{5EDBEFC1-1683-485A-8AA6-AB90E3CDFCFB}"
EndProject
Project("{FAE04EC0-301F-11D3-BF4B-00C04F79EFBC}") = "OutWit.Common.Reflection.Tests", "OutWit.Common.Reflection.Tests\OutWit.Common.Reflection.Tests.csproj", "{ACF4A8D3-01C6-401E-90A4-CEDAF573ACF2}"
EndProject
Project("{FAE04EC0-301F-11D3-BF4B-00C04F79EFBC}") = "OutWit.Common.Proxy.Tests", "OutWit.Common.Proxy.Tests\OutWit.Common.Proxy.Tests.csproj", "{B6C17F59-5E5F-4175-A62C-D8629DE09228}"
EndProject
Project("{FAE04EC0-301F-11D3-BF4B-00C04F79EFBC}") = "OutWit.Common.Proxy.Generator.Tests", "OutWit.Common.Proxy.Generator.Tests\OutWit.Common.Proxy.Generator.Tests.csproj", "{E0D45F95-2DDC-489E-95BE-0B0DA4AED039}"
EndProject
Global
	GlobalSection(SolutionConfigurationPlatforms) = preSolution
		Debug|Any CPU = Debug|Any CPU
		Release|Any CPU = Release|Any CPU
	EndGlobalSection
	GlobalSection(ProjectConfigurationPlatforms) = postSolution
		{43AB074F-382F-2524-7DB3-3DF27B39F697}.Debug|Any CPU.ActiveCfg = Debug|Any CPU
		{43AB074F-382F-2524-7DB3-3DF27B39F697}.Debug|Any CPU.Build.0 = Debug|Any CPU
		{43AB074F-382F-2524-7DB3-3DF27B39F697}.Release|Any CPU.ActiveCfg = Release|Any CPU
		{43AB074F-382F-2524-7DB3-3DF27B39F697}.Release|Any CPU.Build.0 = Release|Any CPU
		{383E0624-716D-AF17-0C3F-EA76CE2BA90C}.Debug|Any CPU.ActiveCfg = Debug|Any CPU
		{383E0624-716D-AF17-0C3F-EA76CE2BA90C}.Debug|Any CPU.Build.0 = Debug|Any CPU
		{383E0624-716D-AF17-0C3F-EA76CE2BA90C}.Release|Any CPU.ActiveCfg = Release|Any CPU
		{383E0624-716D-AF17-0C3F-EA76CE2BA90C}.Release|Any CPU.Build.0 = Release|Any CPU
		{A00E2221-AF9D-5BF4-B01E-41CDB8D7E954}.Debug|Any CPU.ActiveCfg = Debug|Any CPU
		{A00E2221-AF9D-5BF4-B01E-41CDB8D7E954}.Debug|Any CPU.Build.0 = Debug|Any CPU
		{A00E2221-AF9D-5BF4-B01E-41CDB8D7E954}.Release|Any CPU.ActiveCfg = Release|Any CPU
		{A00E2221-AF9D-5BF4-B01E-41CDB8D7E954}.Release|Any CPU.Build.0 = Release|Any CPU
		{32012BAE-A26E-B49E-821F-05448F00FC61}.Debug|Any CPU.ActiveCfg = Debug|Any CPU
		{32012BAE-A26E-B49E-821F-05448F00FC61}.Debug|Any CPU.Build.0 = Debug|Any CPU
		{32012BAE-A26E-B49E-821F-05448F00FC61}.Release|Any CPU.ActiveCfg = Release|Any CPU
		{32012BAE-A26E-B49E-821F-05448F00FC61}.Release|Any CPU.Build.0 = Release|Any CPU
		{7C6A2AE9-39FC-5702-1A2B-2AE55241FE75}.Debug|Any CPU.ActiveCfg = Debug|Any CPU
		{7C6A2AE9-39FC-5702-1A2B-2AE55241FE75}.Debug|Any CPU.Build.0 = Debug|Any CPU
		{7C6A2AE9-39FC-5702-1A2B-2AE55241FE75}.Release|Any CPU.ActiveCfg = Release|Any CPU
		{7C6A2AE9-39FC-5702-1A2B-2AE55241FE75}.Release|Any CPU.Build.0 = Release|Any CPU
		{5ABD4C1A-011F-D999-66E4-5D7CE5A0BD77}.Debug|Any CPU.ActiveCfg = Debug|Any CPU
		{5ABD4C1A-011F-D999-66E4-5D7CE5A0BD77}.Debug|Any CPU.Build.0 = Debug|Any CPU
		{5ABD4C1A-011F-D999-66E4-5D7CE5A0BD77}.Release|Any CPU.ActiveCfg = Release|Any CPU
		{5ABD4C1A-011F-D999-66E4-5D7CE5A0BD77}.Release|Any CPU.Build.0 = Release|Any CPU
		{683E3652-B514-AAA4-0034-DA339EAF09D2}.Debug|Any CPU.ActiveCfg = Debug|Any CPU
		{683E3652-B514-AAA4-0034-DA339EAF09D2}.Debug|Any CPU.Build.0 = Debug|Any CPU
		{683E3652-B514-AAA4-0034-DA339EAF09D2}.Release|Any CPU.ActiveCfg = Release|Any CPU
		{683E3652-B514-AAA4-0034-DA339EAF09D2}.Release|Any CPU.Build.0 = Release|Any CPU
		{E33412C7-E738-1C5E-3668-52B932A41767}.Debug|Any CPU.ActiveCfg = Debug|Any CPU
		{E33412C7-E738-1C5E-3668-52B932A41767}.Debug|Any CPU.Build.0 = Debug|Any CPU
		{E33412C7-E738-1C5E-3668-52B932A41767}.Release|Any CPU.ActiveCfg = Release|Any CPU
		{E33412C7-E738-1C5E-3668-52B932A41767}.Release|Any CPU.Build.0 = Release|Any CPU
		{FE92F133-E68B-C7BE-3859-4C7F159C601C}.Debug|Any CPU.ActiveCfg = Debug|Any CPU
		{FE92F133-E68B-C7BE-3859-4C7F159C601C}.Debug|Any CPU.Build.0 = Debug|Any CPU
		{FE92F133-E68B-C7BE-3859-4C7F159C601C}.Release|Any CPU.ActiveCfg = Release|Any CPU
		{FE92F133-E68B-C7BE-3859-4C7F159C601C}.Release|Any CPU.Build.0 = Release|Any CPU
		{F59C39E3-26EE-4E74-FB99-C558F3EF5F35}.Debug|Any CPU.ActiveCfg = Debug|Any CPU
		{F59C39E3-26EE-4E74-FB99-C558F3EF5F35}.Debug|Any CPU.Build.0 = Debug|Any CPU
		{F59C39E3-26EE-4E74-FB99-C558F3EF5F35}.Release|Any CPU.ActiveCfg = Release|Any CPU
		{F59C39E3-26EE-4E74-FB99-C558F3EF5F35}.Release|Any CPU.Build.0 = Release|Any CPU
		{6631A99F-7061-6A5B-8B5E-E71A240D9066}.Debug|Any CPU.ActiveCfg = Debug|Any CPU
		{6631A99F-7061-6A5B-8B5E-E71A240D9066}.Debug|Any CPU.Build.0 = Debug|Any CPU
		{6631A99F-7061-6A5B-8B5E-E71A240D9066}.Release|Any CPU.ActiveCfg = Release|Any CPU
		{6631A99F-7061-6A5B-8B5E-E71A240D9066}.Release|Any CPU.Build.0 = Release|Any CPU
		{676D0117-8BFC-E417-0F66-DA6F45AD0269}.Debug|Any CPU.ActiveCfg = Debug|Any CPU
		{676D0117-8BFC-E417-0F66-DA6F45AD0269}.Debug|Any CPU.Build.0 = Debug|Any CPU
		{676D0117-8BFC-E417-0F66-DA6F45AD0269}.Release|Any CPU.ActiveCfg = Release|Any CPU
		{676D0117-8BFC-E417-0F66-DA6F45AD0269}.Release|Any CPU.Build.0 = Release|Any CPU
		{84EAB9D9-B6E4-5F61-CDB0-07FD8CE11983}.Debug|Any CPU.ActiveCfg = Debug|Any CPU
		{84EAB9D9-B6E4-5F61-CDB0-07FD8CE11983}.Debug|Any CPU.Build.0 = Debug|Any CPU
		{84EAB9D9-B6E4-5F61-CDB0-07FD8CE11983}.Release|Any CPU.ActiveCfg = Release|Any CPU
		{84EAB9D9-B6E4-5F61-CDB0-07FD8CE11983}.Release|Any CPU.Build.0 = Release|Any CPU
		{9FE990EF-9BCE-134D-B547-0CF5DC6A40FC}.Debug|Any CPU.ActiveCfg = Debug|Any CPU
		{9FE990EF-9BCE-134D-B547-0CF5DC6A40FC}.Debug|Any CPU.Build.0 = Debug|Any CPU
		{9FE990EF-9BCE-134D-B547-0CF5DC6A40FC}.Release|Any CPU.ActiveCfg = Release|Any CPU
		{9FE990EF-9BCE-134D-B547-0CF5DC6A40FC}.Release|Any CPU.Build.0 = Release|Any CPU
		{52CAA943-68DA-7DEA-8920-94A01C262D07}.Debug|Any CPU.ActiveCfg = Debug|Any CPU
		{52CAA943-68DA-7DEA-8920-94A01C262D07}.Debug|Any CPU.Build.0 = Debug|Any CPU
		{52CAA943-68DA-7DEA-8920-94A01C262D07}.Release|Any CPU.ActiveCfg = Release|Any CPU
		{52CAA943-68DA-7DEA-8920-94A01C262D07}.Release|Any CPU.Build.0 = Release|Any CPU
		{18861A4B-BC01-5769-211C-69995A60B9A7}.Debug|Any CPU.ActiveCfg = Debug|Any CPU
		{18861A4B-BC01-5769-211C-69995A60B9A7}.Debug|Any CPU.Build.0 = Debug|Any CPU
		{18861A4B-BC01-5769-211C-69995A60B9A7}.Release|Any CPU.ActiveCfg = Release|Any CPU
		{18861A4B-BC01-5769-211C-69995A60B9A7}.Release|Any CPU.Build.0 = Release|Any CPU
		{1816E66F-C85B-3F8C-2302-0645C9C5323F}.Debug|Any CPU.ActiveCfg = Debug|Any CPU
		{1816E66F-C85B-3F8C-2302-0645C9C5323F}.Debug|Any CPU.Build.0 = Debug|Any CPU
		{1816E66F-C85B-3F8C-2302-0645C9C5323F}.Release|Any CPU.ActiveCfg = Release|Any CPU
		{1816E66F-C85B-3F8C-2302-0645C9C5323F}.Release|Any CPU.Build.0 = Release|Any CPU
		{D01026FD-70AC-19DF-1399-8EC4A58A156B}.Debug|Any CPU.ActiveCfg = Debug|Any CPU
		{D01026FD-70AC-19DF-1399-8EC4A58A156B}.Debug|Any CPU.Build.0 = Debug|Any CPU
		{D01026FD-70AC-19DF-1399-8EC4A58A156B}.Release|Any CPU.ActiveCfg = Release|Any CPU
		{D01026FD-70AC-19DF-1399-8EC4A58A156B}.Release|Any CPU.Build.0 = Release|Any CPU
		{773663E1-C087-5CC6-00D7-01A2CCB31B4E}.Debug|Any CPU.ActiveCfg = Debug|Any CPU
		{773663E1-C087-5CC6-00D7-01A2CCB31B4E}.Debug|Any CPU.Build.0 = Debug|Any CPU
		{773663E1-C087-5CC6-00D7-01A2CCB31B4E}.Release|Any CPU.ActiveCfg = Release|Any CPU
		{773663E1-C087-5CC6-00D7-01A2CCB31B4E}.Release|Any CPU.Build.0 = Release|Any CPU
		{2913C2E8-D250-DD97-CCDA-223ECD2D658F}.Debug|Any CPU.ActiveCfg = Debug|Any CPU
		{2913C2E8-D250-DD97-CCDA-223ECD2D658F}.Debug|Any CPU.Build.0 = Debug|Any CPU
		{2913C2E8-D250-DD97-CCDA-223ECD2D658F}.Release|Any CPU.ActiveCfg = Release|Any CPU
		{2913C2E8-D250-DD97-CCDA-223ECD2D658F}.Release|Any CPU.Build.0 = Release|Any CPU
		{F3DA93A4-0EEA-50DD-A7F3-FE293F9E8660}.Debug|Any CPU.ActiveCfg = Debug|Any CPU
		{F3DA93A4-0EEA-50DD-A7F3-FE293F9E8660}.Debug|Any CPU.Build.0 = Debug|Any CPU
		{F3DA93A4-0EEA-50DD-A7F3-FE293F9E8660}.Release|Any CPU.ActiveCfg = Release|Any CPU
		{F3DA93A4-0EEA-50DD-A7F3-FE293F9E8660}.Release|Any CPU.Build.0 = Release|Any CPU
		{3772ACE8-7F9C-0EA9-FF50-22427F87C5DC}.Debug|Any CPU.ActiveCfg = Debug|Any CPU
		{3772ACE8-7F9C-0EA9-FF50-22427F87C5DC}.Debug|Any CPU.Build.0 = Debug|Any CPU
		{3772ACE8-7F9C-0EA9-FF50-22427F87C5DC}.Release|Any CPU.ActiveCfg = Release|Any CPU
		{3772ACE8-7F9C-0EA9-FF50-22427F87C5DC}.Release|Any CPU.Build.0 = Release|Any CPU
		{04A53B72-5D5E-5F6A-F74A-987E15E74D84}.Debug|Any CPU.ActiveCfg = Debug|Any CPU
		{04A53B72-5D5E-5F6A-F74A-987E15E74D84}.Debug|Any CPU.Build.0 = Debug|Any CPU
		{04A53B72-5D5E-5F6A-F74A-987E15E74D84}.Release|Any CPU.ActiveCfg = Release|Any CPU
		{04A53B72-5D5E-5F6A-F74A-987E15E74D84}.Release|Any CPU.Build.0 = Release|Any CPU
		{6CCE0284-CB69-BE83-96E2-EF7572B955F7}.Debug|Any CPU.ActiveCfg = Debug|Any CPU
		{6CCE0284-CB69-BE83-96E2-EF7572B955F7}.Debug|Any CPU.Build.0 = Debug|Any CPU
		{6CCE0284-CB69-BE83-96E2-EF7572B955F7}.Release|Any CPU.ActiveCfg = Release|Any CPU
		{6CCE0284-CB69-BE83-96E2-EF7572B955F7}.Release|Any CPU.Build.0 = Release|Any CPU
		{59F04FC3-0EBA-BD73-6922-53B6EADD6CDA}.Debug|Any CPU.ActiveCfg = Debug|Any CPU
		{59F04FC3-0EBA-BD73-6922-53B6EADD6CDA}.Debug|Any CPU.Build.0 = Debug|Any CPU
		{59F04FC3-0EBA-BD73-6922-53B6EADD6CDA}.Release|Any CPU.ActiveCfg = Release|Any CPU
		{59F04FC3-0EBA-BD73-6922-53B6EADD6CDA}.Release|Any CPU.Build.0 = Release|Any CPU
		{31B8D169-B2C9-3C91-3964-741FE473C9BA}.Debug|Any CPU.ActiveCfg = Debug|Any CPU
		{31B8D169-B2C9-3C91-3964-741FE473C9BA}.Debug|Any CPU.Build.0 = Debug|Any CPU
		{31B8D169-B2C9-3C91-3964-741FE473C9BA}.Release|Any CPU.ActiveCfg = Release|Any CPU
		{31B8D169-B2C9-3C91-3964-741FE473C9BA}.Release|Any CPU.Build.0 = Release|Any CPU
		{C59A6ACE-CB64-827D-BB4D-520A96860598}.Debug|Any CPU.ActiveCfg = Debug|Any CPU
		{C59A6ACE-CB64-827D-BB4D-520A96860598}.Debug|Any CPU.Build.0 = Debug|Any CPU
		{C59A6ACE-CB64-827D-BB4D-520A96860598}.Release|Any CPU.ActiveCfg = Release|Any CPU
		{C59A6ACE-CB64-827D-BB4D-520A96860598}.Release|Any CPU.Build.0 = Release|Any CPU
		{3B37CCA2-E4B1-881F-53A8-9ED594E1CAE5}.Debug|Any CPU.ActiveCfg = Debug|Any CPU
		{3B37CCA2-E4B1-881F-53A8-9ED594E1CAE5}.Debug|Any CPU.Build.0 = Debug|Any CPU
		{3B37CCA2-E4B1-881F-53A8-9ED594E1CAE5}.Release|Any CPU.ActiveCfg = Release|Any CPU
		{3B37CCA2-E4B1-881F-53A8-9ED594E1CAE5}.Release|Any CPU.Build.0 = Release|Any CPU
		{61A8DFFA-912B-48AB-8E03-C5392486371D}.Debug|Any CPU.ActiveCfg = Debug|Any CPU
		{61A8DFFA-912B-48AB-8E03-C5392486371D}.Debug|Any CPU.Build.0 = Debug|Any CPU
		{61A8DFFA-912B-48AB-8E03-C5392486371D}.Release|Any CPU.ActiveCfg = Release|Any CPU
		{61A8DFFA-912B-48AB-8E03-C5392486371D}.Release|Any CPU.Build.0 = Release|Any CPU
		{5EDBEFC1-1683-485A-8AA6-AB90E3CDFCFB}.Debug|Any CPU.ActiveCfg = Debug|Any CPU
		{5EDBEFC1-1683-485A-8AA6-AB90E3CDFCFB}.Debug|Any CPU.Build.0 = Debug|Any CPU
		{5EDBEFC1-1683-485A-8AA6-AB90E3CDFCFB}.Release|Any CPU.ActiveCfg = Release|Any CPU
		{5EDBEFC1-1683-485A-8AA6-AB90E3CDFCFB}.Release|Any CPU.Build.0 = Release|Any CPU
		{ACF4A8D3-01C6-401E-90A4-CEDAF573ACF2}.Debug|Any CPU.ActiveCfg = Debug|Any CPU
		{ACF4A8D3-01C6-401E-90A4-CEDAF573ACF2}.Debug|Any CPU.Build.0 = Debug|Any CPU
		{ACF4A8D3-01C6-401E-90A4-CEDAF573ACF2}.Release|Any CPU.ActiveCfg = Release|Any CPU
		{ACF4A8D3-01C6-401E-90A4-CEDAF573ACF2}.Release|Any CPU.Build.0 = Release|Any CPU
		{B6C17F59-5E5F-4175-A62C-D8629DE09228}.Debug|Any CPU.ActiveCfg = Debug|Any CPU
		{B6C17F59-5E5F-4175-A62C-D8629DE09228}.Debug|Any CPU.Build.0 = Debug|Any CPU
		{B6C17F59-5E5F-4175-A62C-D8629DE09228}.Release|Any CPU.ActiveCfg = Release|Any CPU
		{B6C17F59-5E5F-4175-A62C-D8629DE09228}.Release|Any CPU.Build.0 = Release|Any CPU
		{E0D45F95-2DDC-489E-95BE-0B0DA4AED039}.Debug|Any CPU.ActiveCfg = Debug|Any CPU
		{E0D45F95-2DDC-489E-95BE-0B0DA4AED039}.Debug|Any CPU.Build.0 = Debug|Any CPU
		{E0D45F95-2DDC-489E-95BE-0B0DA4AED039}.Release|Any CPU.ActiveCfg = Release|Any CPU
		{E0D45F95-2DDC-489E-95BE-0B0DA4AED039}.Release|Any CPU.Build.0 = Release|Any CPU
	EndGlobalSection
	GlobalSection(SolutionProperties) = preSolution
		HideSolutionNode = FALSE
	EndGlobalSection
	GlobalSection(NestedProjects) = preSolution
		{43AB074F-382F-2524-7DB3-3DF27B39F697} = {02EA681E-C7D8-13C7-8484-4AC65E1B71E8}
		{383E0624-716D-AF17-0C3F-EA76CE2BA90C} = {02EA681E-C7D8-13C7-8484-4AC65E1B71E8}
		{A00E2221-AF9D-5BF4-B01E-41CDB8D7E954} = {98BE6B52-F22E-45F5-AE77-0B1A7D9B4547}
		{32012BAE-A26E-B49E-821F-05448F00FC61} = {98BE6B52-F22E-45F5-AE77-0B1A7D9B4547}
		{7C6A2AE9-39FC-5702-1A2B-2AE55241FE75} = {08C8D958-EBB7-4BF6-B525-A5E901EBB000}
		{5ABD4C1A-011F-D999-66E4-5D7CE5A0BD77} = {8519EC0E-8781-45D6-931C-3505FC9663F5}
		{683E3652-B514-AAA4-0034-DA339EAF09D2} = {E14FDDC6-06D3-4D55-9499-31516FA736E9}
		{E33412C7-E738-1C5E-3668-52B932A41767} = {AA2966D0-EBAF-4D83-B67B-32A2424DD416}
		{FE92F133-E68B-C7BE-3859-4C7F159C601C} = {AA2966D0-EBAF-4D83-B67B-32A2424DD416}
		{F59C39E3-26EE-4E74-FB99-C558F3EF5F35} = {514AF54A-4075-46F3-A2A9-CE61CD9DA9AF}
		{6631A99F-7061-6A5B-8B5E-E71A240D9066} = {514AF54A-4075-46F3-A2A9-CE61CD9DA9AF}
		{676D0117-8BFC-E417-0F66-DA6F45AD0269} = {BD7E72EE-EB9C-4CF0-BF17-16934C32B03E}
		{84EAB9D9-B6E4-5F61-CDB0-07FD8CE11983} = {BD7E72EE-EB9C-4CF0-BF17-16934C32B03E}
		{AA2966D0-EBAF-4D83-B67B-32A2424DD416} = {7F3F6ACD-C399-4D6E-8842-D94C74E49928}
		{514AF54A-4075-46F3-A2A9-CE61CD9DA9AF} = {7F3F6ACD-C399-4D6E-8842-D94C74E49928}
		{BD7E72EE-EB9C-4CF0-BF17-16934C32B03E} = {7F3F6ACD-C399-4D6E-8842-D94C74E49928}
		{9B0DF0AA-88F4-43E1-8677-0C30A4383155} = {7F3F6ACD-C399-4D6E-8842-D94C74E49928}
		{9FE990EF-9BCE-134D-B547-0CF5DC6A40FC} = {9B0DF0AA-88F4-43E1-8677-0C30A4383155}
		{52CAA943-68DA-7DEA-8920-94A01C262D07} = {9B0DF0AA-88F4-43E1-8677-0C30A4383155}
		{18861A4B-BC01-5769-211C-69995A60B9A7} = {A665003C-0564-4DFE-9789-76FC0CBAB146}
		{1816E66F-C85B-3F8C-2302-0645C9C5323F} = {A665003C-0564-4DFE-9789-76FC0CBAB146}
		{D01026FD-70AC-19DF-1399-8EC4A58A156B} = {0197C2C6-6CD4-448B-B928-5C8061D06F60}
		{773663E1-C087-5CC6-00D7-01A2CCB31B4E} = {0197C2C6-6CD4-448B-B928-5C8061D06F60}
		{2913C2E8-D250-DD97-CCDA-223ECD2D658F} = {A665003C-0564-4DFE-9789-76FC0CBAB146}
		{F3DA93A4-0EEA-50DD-A7F3-FE293F9E8660} = {C898F348-134B-41D6-82AF-CE83104F2708}
		{3772ACE8-7F9C-0EA9-FF50-22427F87C5DC} = {C898F348-134B-41D6-82AF-CE83104F2708}
		{04A53B72-5D5E-5F6A-F74A-987E15E74D84} = {F3F2CA75-F932-4EA7-8EAA-B5491EF3C0CA}
		{6CCE0284-CB69-BE83-96E2-EF7572B955F7} = {F3F2CA75-F932-4EA7-8EAA-B5491EF3C0CA}
		{59F04FC3-0EBA-BD73-6922-53B6EADD6CDA} = {5910B605-D093-442F-AD22-1BA4E668FADA}
		{31B8D169-B2C9-3C91-3964-741FE473C9BA} = {05CEBCA7-2D42-4126-A88B-74B63ABA9C7F}
		{C59A6ACE-CB64-827D-BB4D-520A96860598} = {05CEBCA7-2D42-4126-A88B-74B63ABA9C7F}
		{3B37CCA2-E4B1-881F-53A8-9ED594E1CAE5} = {C898F348-134B-41D6-82AF-CE83104F2708}
		{61A8DFFA-912B-48AB-8E03-C5392486371D} = {E14FDDC6-06D3-4D55-9499-31516FA736E9}
		{5EDBEFC1-1683-485A-8AA6-AB90E3CDFCFB} = {8519EC0E-8781-45D6-931C-3505FC9663F5}
		{ACF4A8D3-01C6-401E-90A4-CEDAF573ACF2} = {5910B605-D093-442F-AD22-1BA4E668FADA}
		{B6C17F59-5E5F-4175-A62C-D8629DE09228} = {0197C2C6-6CD4-448B-B928-5C8061D06F60}
		{E0D45F95-2DDC-489E-95BE-0B0DA4AED039} = {0197C2C6-6CD4-448B-B928-5C8061D06F60}
	EndGlobalSection
	GlobalSection(ExtensibilityGlobals) = postSolution
		SolutionGuid = {B1681F36-89BE-4991-A3AE-4C7498B004AF}
	EndGlobalSection
EndGlobal
